# Generated by pub
# See https://dart.dev/tools/pub/glossary#lockfile
packages:
  async:
    dependency: transitive
    description:
      name: async
      url: "https://pub.mpflutter.com"
    source: hosted
    version: "2.8.2"
  characters:
    dependency: transitive
    description:
      name: characters
      url: "https://pub.mpflutter.com"
    source: hosted
    version: "1.1.0"
  charcode:
    dependency: transitive
    description:
      name: charcode
      url: "https://pub.mpflutter.com"
    source: hosted
    version: "1.3.1"
  cli_dialog:
    dependency: transitive
    description:
      name: cli_dialog
      url: "https://pub.mpflutter.com"
    source: hosted
    version: "0.5.0"
  collection:
    dependency: transitive
    description:
      name: collection
      url: "https://pub.mpflutter.com"
    source: hosted
    version: "1.15.0"
  crypto:
    dependency: transitive
    description:
      name: crypto
      url: "https://pub.mpflutter.com"
    source: hosted
    version: "3.0.1"
  dart_console:
    dependency: transitive
    description:
      name: dart_console
      url: "https://pub.mpflutter.com"
    source: hosted
    version: "1.0.0"
  ffi:
    dependency: transitive
    description:
      name: ffi
      url: "https://pub.mpflutter.com"
    source: hosted
    version: "1.1.2"
  file:
    dependency: transitive
    description:
      name: file
      url: "https://pub.mpflutter.com"
    source: hosted
    version: "6.1.2"
  flutter:
    dependency: "direct main"
    description:
      name: flutter
      url: "https://pub.mpflutter.com"
    source: hosted
    version: "0.10.2"
  flutter_web_plugins:
    dependency: "direct main"
    description:
      name: flutter_web_plugins
      url: "https://pub.mpflutter.com"
    source: hosted
    version: "0.10.2"
  glob:
    dependency: transitive
    description:
      name: glob
      url: "https://pub.mpflutter.com"
    source: hosted
    version: "2.0.2"
  http:
    dependency: transitive
    description:
      name: http
      url: "https://pub.mpflutter.com"
    source: hosted
    version: "0.13.1"
  http_parser:
    dependency: transitive
    description:
      name: http_parser
      url: "https://pub.mpflutter.com"
    source: hosted
    version: "4.0.0"
  json_patch:
    dependency: transitive
    description:
      name: json_patch
      url: "https://pub.mpflutter.com"
    source: hosted
    version: "2.1.1"
  meta:
    dependency: transitive
    description:
      name: meta
      url: "https://pub.mpflutter.com"
    source: hosted
    version: "1.3.0"
  mime_type:
    dependency: transitive
    description:
      name: mime_type
      url: "https://pub.mpflutter.com"
    source: hosted
    version: "1.0.0"
  mp_build_tools:
    dependency: "direct main"
    description:
      name: mp_build_tools
      url: "https://pub.mpflutter.com"
    source: hosted
    version: "0.10.2"
  mpcore:
    dependency: "direct main"
    description:
      name: mpcore
      url: "https://pub.mpflutter.com"
    source: hosted
    version: "0.10.2"
  path:
    dependency: transitive
    description:
      name: path
      url: "https://pub.mpflutter.com"
    source: hosted
    version: "1.8.0"
  path_provider:
    dependency: "direct main"
    description:
      name: path_provider
      url: "https://pub.mpflutter.com"
    source: hosted
    version: "2.0.8"
  path_provider_android:
    dependency: transitive
    description:
      name: path_provider_android
      url: "https://pub.mpflutter.com"
    source: hosted
    version: "2.0.9"
  path_provider_ios:
    dependency: transitive
    description:
      name: path_provider_ios
      url: "https://pub.mpflutter.com"
    source: hosted
    version: "2.0.7"
  path_provider_linux:
    dependency: transitive
    description:
      name: path_provider_linux
      url: "https://pub.mpflutter.com"
    source: hosted
    version: "2.1.4"
  path_provider_macos:
    dependency: transitive
    description:
      name: path_provider_macos
      url: "https://pub.mpflutter.com"
    source: hosted
    version: "2.0.4"
  path_provider_platform_interface:
    dependency: transitive
    description:
      name: path_provider_platform_interface
      url: "https://pub.mpflutter.com"
    source: hosted
    version: "2.0.1"
  path_provider_windows:
    dependency: transitive
    description:
      name: path_provider_windows
      url: "https://pub.mpflutter.com"
    source: hosted
    version: "2.0.4"
  pedantic:
    dependency: transitive
    description:
      name: pedantic
      url: "https://pub.mpflutter.com"
    source: hosted
    version: "1.11.1"
  platform:
    dependency: transitive
    description:
      name: platform
      url: "https://pub.mpflutter.com"
    source: hosted
    version: "3.1.0"
  plugin_platform_interface:
    dependency: transitive
    description:
      name: plugin_platform_interface
      url: "https://pub.mpflutter.com"
    source: hosted
    version: "2.0.2"
  process:
    dependency: transitive
    description:
      name: process
      url: "https://pub.mpflutter.com"
    source: hosted
    version: "4.2.4"
  source_span:
    dependency: transitive
    description:
      name: source_span
      url: "https://pub.mpflutter.com"
    source: hosted
    version: "1.8.1"
  string_scanner:
    dependency: transitive
    description:
      name: string_scanner
      url: "https://pub.mpflutter.com"
    source: hosted
    version: "1.1.0"
  term_glyph:
    dependency: transitive
    description:
      name: term_glyph
      url: "https://pub.mpflutter.com"
    source: hosted
    version: "1.2.0"
  typed_data:
    dependency: transitive
    description:
      name: typed_data
      url: "https://pub.mpflutter.com"
    source: hosted
    version: "1.3.0"
  usage:
    dependency: transitive
    description:
      name: usage
      url: "https://pub.mpflutter.com"
    source: hosted
    version: "4.0.2"
  vector_math:
    dependency: transitive
    description:
      name: vector_math
      url: "https://pub.mpflutter.com"
    source: hosted
    version: "2.1.0"
  vm_service:
    dependency: transitive
    description:
      name: vm_service
      url: "https://pub.mpflutter.com"
    source: hosted
    version: "6.2.0"
  watcher:
    dependency: transitive
    description:
      name: watcher
      url: "https://pub.mpflutter.com"
    source: hosted
    version: "1.0.1"
  win32:
    dependency: transitive
    description:
      name: win32
      url: "https://pub.mpflutter.com"
    source: hosted
    version: "2.3.1"
  xdg_directories:
    dependency: transitive
    description:
      name: xdg_directories
      url: "https://pub.mpflutter.com"
    source: hosted
    version: "0.2.0"
sdks:
  dart: ">=2.14.0 <3.0.0"
  flutter: ">=2.5.0"
